
Microsoft Visual Studio Solution File, Format Version 12.00
# Visual Studio 15
Project("{FAE04EC0-301F-11D3-BF4B-00C04F79EFBC}") = "VRC.Udon.Serialization.OdinSerializer", "VRC.Udon.Serialization.OdinSerializer.csproj", "{D9E3CA59-3CB8-7413-A63B-2BE9DD0A8815}"
EndProject
Project("{FAE04EC0-301F-11D3-BF4B-00C04F79EFBC}") = "VRC.Udon", "VRC.Udon.csproj", "{9F7015FC-C733-FBE7-2A95-7DF6B2A06F2D}"
EndProject
Project("{FAE04EC0-301F-11D3-BF4B-00C04F79EFBC}") = "Assembly-CSharp", "Assembly-CSharp.csproj", "{42E4B3A7-D0A7-DF91-1423-22012061F98E}"
EndProject
Project("{FAE04EC0-301F-11D3-BF4B-00C04F79EFBC}") = "VRC.SDKBase.Editor.BuildPipeline", "VRC.SDKBase.Editor.BuildPipeline.csproj", "{4A5A2EB8-CED2-FF65-24BC-322657E051CF}"
EndProject
Project("{FAE04EC0-301F-11D3-BF4B-00C04F79EFBC}") = "UdonSharp.Runtime", "UdonSharp.Runtime.csproj", "{CF69595C-5032-FC13-0061-314F003EEE0F}"
EndProject
Project("{FAE04EC0-301F-11D3-BF4B-00C04F79EFBC}") = "Assembly-CSharp-Editor", "Assembly-CSharp-Editor.csproj", "{D48DBF35-88BC-7E94-214F-BC1ECAC5189F}"
EndProject
Project("{FAE04EC0-301F-11D3-BF4B-00C04F79EFBC}") = "VRC.Udon.Editor", "VRC.Udon.Editor.csproj", "{5AAD14AE-543E-FBEE-9230-F4FF2CDDB527}"
EndProject
Project("{FAE04EC0-301F-11D3-BF4B-00C04F79EFBC}") = "VRC.SDKBase.Editor.ShaderStripping", "VRC.SDKBase.Editor.ShaderStripping.csproj", "{47F9FF2F-D637-8E80-9C9A-C1F47B331B72}"
EndProject
Project("{FAE04EC0-301F-11D3-BF4B-00C04F79EFBC}") = "UnityEditorTests", "UnityEditorTests.csproj", "{61C07F0F-B5FB-1384-7234-5425575AFA9F}"
EndProject
Project("{FAE04EC0-301F-11D3-BF4B-00C04F79EFBC}") = "VRC.Udon.Editor.UPMImporter", "VRC.Udon.Editor.UPMImporter.csproj", "{0CFCA83C-AB41-0061-DC68-42A170B3FB5F}"
EndProject
Project("{FAE04EC0-301F-11D3-BF4B-00C04F79EFBC}") = "UdonSharp.Editor", "UdonSharp.Editor.csproj", "{41977B23-C0FD-8536-6C24-DA1131E1CBC9}"
EndProject
Global
	GlobalSection(SolutionConfigurationPlatforms) = preSolution
		Debug|Any CPU = Debug|Any CPU
		Release|Any CPU = Release|Any CPU
	EndGlobalSection
	GlobalSection(ProjectConfigurationPlatforms) = postSolution
		{D9E3CA59-3CB8-7413-A63B-2BE9DD0A8815}.Debug|Any CPU.ActiveCfg = Debug|Any CPU
		{D9E3CA59-3CB8-7413-A63B-2BE9DD0A8815}.Debug|Any CPU.Build.0 = Debug|Any CPU
		{D9E3CA59-3CB8-7413-A63B-2BE9DD0A8815}.Release|Any CPU.ActiveCfg = Release|Any CPU
		{D9E3CA59-3CB8-7413-A63B-2BE9DD0A8815}.Release|Any CPU.Build.0 = Release|Any CPU
		{9F7015FC-C733-FBE7-2A95-7DF6B2A06F2D}.Debug|Any CPU.ActiveCfg = Debug|Any CPU
		{9F7015FC-C733-FBE7-2A95-7DF6B2A06F2D}.Debug|Any CPU.Build.0 = Debug|Any CPU
		{9F7015FC-C733-FBE7-2A95-7DF6B2A06F2D}.Release|Any CPU.ActiveCfg = Release|Any CPU
		{9F7015FC-C733-FBE7-2A95-7DF6B2A06F2D}.Release|Any CPU.Build.0 = Release|Any CPU
		{42E4B3A7-D0A7-DF91-1423-22012061F98E}.Debug|Any CPU.ActiveCfg = Debug|Any CPU
		{42E4B3A7-D0A7-DF91-1423-22012061F98E}.Debug|Any CPU.Build.0 = Debug|Any CPU
		{42E4B3A7-D0A7-DF91-1423-22012061F98E}.Release|Any CPU.ActiveCfg = Release|Any CPU
		{42E4B3A7-D0A7-DF91-1423-22012061F98E}.Release|Any CPU.Build.0 = Release|Any CPU
		{4A5A2EB8-CED2-FF65-24BC-322657E051CF}.Debug|Any CPU.ActiveCfg = Debug|Any CPU
		{4A5A2EB8-CED2-FF65-24BC-322657E051CF}.Debug|Any CPU.Build.0 = Debug|Any CPU
		{4A5A2EB8-CED2-FF65-24BC-322657E051CF}.Release|Any CPU.ActiveCfg = Release|Any CPU
		{4A5A2EB8-CED2-FF65-24BC-322657E051CF}.Release|Any CPU.Build.0 = Release|Any CPU
		{CF69595C-5032-FC13-0061-314F003EEE0F}.Debug|Any CPU.ActiveCfg = Debug|Any CPU
		{CF69595C-5032-FC13-0061-314F003EEE0F}.Debug|Any CPU.Build.0 = Debug|Any CPU
		{CF69595C-5032-FC13-0061-314F003EEE0F}.Release|Any CPU.ActiveCfg = Release|Any CPU
		{CF69595C-5032-FC13-0061-314F003EEE0F}.Release|Any CPU.Build.0 = Release|Any CPU
		{D48DBF35-88BC-7E94-214F-BC1ECAC5189F}.Debug|Any CPU.ActiveCfg = Debug|Any CPU
		{D48DBF35-88BC-7E94-214F-BC1ECAC5189F}.Debug|Any CPU.Build.0 = Debug|Any CPU
		{D48DBF35-88BC-7E94-214F-BC1ECAC5189F}.Release|Any CPU.ActiveCfg = Release|Any CPU
		{D48DBF35-88BC-7E94-214F-BC1ECAC5189F}.Release|Any CPU.Build.0 = Release|Any CPU
		{5AAD14AE-543E-FBEE-9230-F4FF2CDDB527}.Debug|Any CPU.ActiveCfg = Debug|Any CPU
		{5AAD14AE-543E-FBEE-9230-F4FF2CDDB527}.Debug|Any CPU.Build.0 = Debug|Any CPU
		{5AAD14AE-543E-FBEE-9230-F4FF2CDDB527}.Release|Any CPU.ActiveCfg = Release|Any CPU
		{5AAD14AE-543E-FBEE-9230-F4FF2CDDB527}.Release|Any CPU.Build.0 = Release|Any CPU
		{47F9FF2F-D637-8E80-9C9A-C1F47B331B72}.Debug|Any CPU.ActiveCfg = Debug|Any CPU
		{47F9FF2F-D637-8E80-9C9A-C1F47B331B72}.Debug|Any CPU.Build.0 = Debug|Any CPU
		{47F9FF2F-D637-8E80-9C9A-C1F47B331B72}.Release|Any CPU.ActiveCfg = Release|Any CPU
		{47F9FF2F-D637-8E80-9C9A-C1F47B331B72}.Release|Any CPU.Build.0 = Release|Any CPU
		{61C07F0F-B5FB-1384-7234-5425575AFA9F}.Debug|Any CPU.ActiveCfg = Debug|Any CPU
		{61C07F0F-B5FB-1384-7234-5425575AFA9F}.Debug|Any CPU.Build.0 = Debug|Any CPU
		{61C07F0F-B5FB-1384-7234-5425575AFA9F}.Release|Any CPU.ActiveCfg = Release|Any CPU
		{61C07F0F-B5FB-1384-7234-5425575AFA9F}.Release|Any CPU.Build.0 = Release|Any CPU
		{0CFCA83C-AB41-0061-DC68-42A170B3FB5F}.Debug|Any CPU.ActiveCfg = Debug|Any CPU
		{0CFCA83C-AB41-0061-DC68-42A170B3FB5F}.Debug|Any CPU.Build.0 = Debug|Any CPU
		{0CFCA83C-AB41-0061-DC68-42A170B3FB5F}.Release|Any CPU.ActiveCfg = Release|Any CPU
		{0CFCA83C-AB41-0061-DC68-42A170B3FB5F}.Release|Any CPU.Build.0 = Release|Any CPU
		{41977B23-C0FD-8536-6C24-DA1131E1CBC9}.Debug|Any CPU.ActiveCfg = Debug|Any CPU
		{41977B23-C0FD-8536-6C24-DA1131E1CBC9}.Debug|Any CPU.Build.0 = Debug|Any CPU
		{41977B23-C0FD-8536-6C24-DA1131E1CBC9}.Release|Any CPU.ActiveCfg = Release|Any CPU
		{41977B23-C0FD-8536-6C24-DA1131E1CBC9}.Release|Any CPU.Build.0 = Release|Any CPU
	EndGlobalSection
	GlobalSection(SolutionProperties) = preSolution
		HideSolutionNode = FALSE
	EndGlobalSection
EndGlobal
